// !$*UTF8*$!
{
	archiveVersion = 1;
	classes = {
	};
	objectVersion = 51;
	objects = {

/* Begin PBXBuildFile section */
		1780BAD0B7B8BF1D64612785 /* Pods_uTrackTests.framework in Frameworks */ = {isa = PBXBuildFile; fileRef = FA7A0253BDAE531ED64B0CD3 /* Pods_uTrackTests.framework */; };
		1C1728264D21146AF314A67B /* Pods_uTrack.framework in Frameworks */ = {isa = PBXBuildFile; fileRef = E05FF4E5386EA2E5088CE5E2 /* Pods_uTrack.framework */; };
		2E2A07E725CF95AC007EEE30 /* AppDelegate.swift in Sources */ = {isa = PBXBuildFile; fileRef = 2E2A07E625CF95AC007EEE30 /* AppDelegate.swift */; };
		2E2A07E925CF95AC007EEE30 /* SceneDelegate.swift in Sources */ = {isa = PBXBuildFile; fileRef = 2E2A07E825CF95AC007EEE30 /* SceneDelegate.swift */; };
		2E2A07EB25CF95AC007EEE30 /* ViewController.swift in Sources */ = {isa = PBXBuildFile; fileRef = 2E2A07EA25CF95AC007EEE30 /* ViewController.swift */; };
		2E2A07EE25CF95AC007EEE30 /* Main.storyboard in Resources */ = {isa = PBXBuildFile; fileRef = 2E2A07EC25CF95AC007EEE30 /* Main.storyboard */; };
		2E2A07F025CF95AD007EEE30 /* Assets.xcassets in Resources */ = {isa = PBXBuildFile; fileRef = 2E2A07EF25CF95AD007EEE30 /* Assets.xcassets */; };
		2E2A07F325CF95AD007EEE30 /* LaunchScreen.storyboard in Resources */ = {isa = PBXBuildFile; fileRef = 2E2A07F125CF95AD007EEE30 /* LaunchScreen.storyboard */; };
		2E2A07FE25CF95AD007EEE30 /* uTrackTests.swift in Sources */ = {isa = PBXBuildFile; fileRef = 2E2A07FD25CF95AD007EEE30 /* uTrackTests.swift */; };
		2E2A080925CF95AD007EEE30 /* uTrackUITests.swift in Sources */ = {isa = PBXBuildFile; fileRef = 2E2A080825CF95AD007EEE30 /* uTrackUITests.swift */; };
		2E3EDEDD2FCDC647CEF751E1 /* Pods_uTrack_uTrackUITests.framework in Frameworks */ = {isa = PBXBuildFile; fileRef = 08957B078A2D4AA148D93003 /* Pods_uTrack_uTrackUITests.framework */; };
		2EAE9E8225D238F1002C19DF /* .swiftlint.yml in Resources */ = {isa = PBXBuildFile; fileRef = 2EAE9E8125D238F1002C19DF /* .swiftlint.yml */; };
		2EC3CB2925D0F608001F95E9 /* CloudKit.framework in Frameworks */ = {isa = PBXBuildFile; fileRef = 2EC3CB2825D0F608001F95E9 /* CloudKit.framework */; };
/* End PBXBuildFile section */

/* Begin PBXContainerItemProxy section */
		2E2A07FA25CF95AD007EEE30 /* PBXContainerItemProxy */ = {
			isa = PBXContainerItemProxy;
			containerPortal = 2E2A07DB25CF95AC007EEE30 /* Project object */;
			proxyType = 1;
			remoteGlobalIDString = 2E2A07E225CF95AC007EEE30;
			remoteInfo = uTrack;
		};
		2E2A080525CF95AD007EEE30 /* PBXContainerItemProxy */ = {
			isa = PBXContainerItemProxy;
			containerPortal = 2E2A07DB25CF95AC007EEE30 /* Project object */;
			proxyType = 1;
			remoteGlobalIDString = 2E2A07E225CF95AC007EEE30;
			remoteInfo = uTrack;
		};
/* End PBXContainerItemProxy section */

/* Begin PBXFileReference section */
		077416D2125FD87085609BF5 /* Pods-uTrackTests.debug.xcconfig */ = {isa = PBXFileReference; includeInIndex = 1; lastKnownFileType = text.xcconfig; name = "Pods-uTrackTests.debug.xcconfig"; path = "Target Support Files/Pods-uTrackTests/Pods-uTrackTests.debug.xcconfig"; sourceTree = "<group>"; };
		08957B078A2D4AA148D93003 /* Pods_uTrack_uTrackUITests.framework */ = {isa = PBXFileReference; explicitFileType = wrapper.framework; includeInIndex = 0; path = Pods_uTrack_uTrackUITests.framework; sourceTree = BUILT_PRODUCTS_DIR; };
		2E2A07E325CF95AC007EEE30 /* uTrack.app */ = {isa = PBXFileReference; explicitFileType = wrapper.application; includeInIndex = 0; path = uTrack.app; sourceTree = BUILT_PRODUCTS_DIR; };
		2E2A07E625CF95AC007EEE30 /* AppDelegate.swift */ = {isa = PBXFileReference; lastKnownFileType = sourcecode.swift; path = AppDelegate.swift; sourceTree = "<group>"; };
		2E2A07E825CF95AC007EEE30 /* SceneDelegate.swift */ = {isa = PBXFileReference; lastKnownFileType = sourcecode.swift; path = SceneDelegate.swift; sourceTree = "<group>"; };
		2E2A07EA25CF95AC007EEE30 /* ViewController.swift */ = {isa = PBXFileReference; lastKnownFileType = sourcecode.swift; path = ViewController.swift; sourceTree = "<group>"; };
		2E2A07ED25CF95AC007EEE30 /* Base */ = {isa = PBXFileReference; lastKnownFileType = file.storyboard; name = Base; path = Base.lproj/Main.storyboard; sourceTree = "<group>"; };
		2E2A07EF25CF95AD007EEE30 /* Assets.xcassets */ = {isa = PBXFileReference; lastKnownFileType = folder.assetcatalog; path = Assets.xcassets; sourceTree = "<group>"; };
		2E2A07F225CF95AD007EEE30 /* Base */ = {isa = PBXFileReference; lastKnownFileType = file.storyboard; name = Base; path = Base.lproj/LaunchScreen.storyboard; sourceTree = "<group>"; };
		2E2A07F425CF95AD007EEE30 /* Info.plist */ = {isa = PBXFileReference; lastKnownFileType = text.plist.xml; path = Info.plist; sourceTree = "<group>"; };
		2E2A07F925CF95AD007EEE30 /* uTrackTests.xctest */ = {isa = PBXFileReference; explicitFileType = wrapper.cfbundle; includeInIndex = 0; path = uTrackTests.xctest; sourceTree = BUILT_PRODUCTS_DIR; };
		2E2A07FD25CF95AD007EEE30 /* uTrackTests.swift */ = {isa = PBXFileReference; lastKnownFileType = sourcecode.swift; path = uTrackTests.swift; sourceTree = "<group>"; };
		2E2A07FF25CF95AD007EEE30 /* Info.plist */ = {isa = PBXFileReference; lastKnownFileType = text.plist.xml; path = Info.plist; sourceTree = "<group>"; };
		2E2A080425CF95AD007EEE30 /* uTrackUITests.xctest */ = {isa = PBXFileReference; explicitFileType = wrapper.cfbundle; includeInIndex = 0; path = uTrackUITests.xctest; sourceTree = BUILT_PRODUCTS_DIR; };
		2E2A080825CF95AD007EEE30 /* uTrackUITests.swift */ = {isa = PBXFileReference; lastKnownFileType = sourcecode.swift; path = uTrackUITests.swift; sourceTree = "<group>"; };
		2E2A080A25CF95AD007EEE30 /* Info.plist */ = {isa = PBXFileReference; lastKnownFileType = text.plist.xml; path = Info.plist; sourceTree = "<group>"; };
		2EAE9E8125D238F1002C19DF /* .swiftlint.yml */ = {isa = PBXFileReference; fileEncoding = 4; lastKnownFileType = text.yaml; path = .swiftlint.yml; sourceTree = "<group>"; };
		2EC3CB2725D0F602001F95E9 /* uTrack.entitlements */ = {isa = PBXFileReference; lastKnownFileType = text.plist.entitlements; path = uTrack.entitlements; sourceTree = "<group>"; };
		2EC3CB2825D0F608001F95E9 /* CloudKit.framework */ = {isa = PBXFileReference; lastKnownFileType = wrapper.framework; name = CloudKit.framework; path = System/Library/Frameworks/CloudKit.framework; sourceTree = SDKROOT; };
		5699113D43C2E8C003A316B6 /* Pods-uTrack.debug.xcconfig */ = {isa = PBXFileReference; includeInIndex = 1; lastKnownFileType = text.xcconfig; name = "Pods-uTrack.debug.xcconfig"; path = "Target Support Files/Pods-uTrack/Pods-uTrack.debug.xcconfig"; sourceTree = "<group>"; };
		A6858A6728139BA3CC1399DE /* Pods-uTrackTests.release.xcconfig */ = {isa = PBXFileReference; includeInIndex = 1; lastKnownFileType = text.xcconfig; name = "Pods-uTrackTests.release.xcconfig"; path = "Target Support Files/Pods-uTrackTests/Pods-uTrackTests.release.xcconfig"; sourceTree = "<group>"; };
		B0684B0B110A55B431081485 /* Pods-uTrack.release.xcconfig */ = {isa = PBXFileReference; includeInIndex = 1; lastKnownFileType = text.xcconfig; name = "Pods-uTrack.release.xcconfig"; path = "Target Support Files/Pods-uTrack/Pods-uTrack.release.xcconfig"; sourceTree = "<group>"; };
		B2ECF389289C596946D0CBFE /* Pods-uTrack-uTrackUITests.debug.xcconfig */ = {isa = PBXFileReference; includeInIndex = 1; lastKnownFileType = text.xcconfig; name = "Pods-uTrack-uTrackUITests.debug.xcconfig"; path = "Target Support Files/Pods-uTrack-uTrackUITests/Pods-uTrack-uTrackUITests.debug.xcconfig"; sourceTree = "<group>"; };
		CB02F7F3206A3BA02C61336D /* Pods-uTrack-uTrackUITests.release.xcconfig */ = {isa = PBXFileReference; includeInIndex = 1; lastKnownFileType = text.xcconfig; name = "Pods-uTrack-uTrackUITests.release.xcconfig"; path = "Target Support Files/Pods-uTrack-uTrackUITests/Pods-uTrack-uTrackUITests.release.xcconfig"; sourceTree = "<group>"; };
		E05FF4E5386EA2E5088CE5E2 /* Pods_uTrack.framework */ = {isa = PBXFileReference; explicitFileType = wrapper.framework; includeInIndex = 0; path = Pods_uTrack.framework; sourceTree = BUILT_PRODUCTS_DIR; };
		FA7A0253BDAE531ED64B0CD3 /* Pods_uTrackTests.framework */ = {isa = PBXFileReference; explicitFileType = wrapper.framework; includeInIndex = 0; path = Pods_uTrackTests.framework; sourceTree = BUILT_PRODUCTS_DIR; };
/* End PBXFileReference section */

/* Begin PBXFrameworksBuildPhase section */
		2E2A07E025CF95AC007EEE30 /* Frameworks */ = {
			isa = PBXFrameworksBuildPhase;
			buildActionMask = 2147483647;
			files = (
				1C1728264D21146AF314A67B /* Pods_uTrack.framework in Frameworks */,
				2EC3CB2925D0F608001F95E9 /* CloudKit.framework in Frameworks */,
			);
			runOnlyForDeploymentPostprocessing = 0;
		};
		2E2A07F625CF95AD007EEE30 /* Frameworks */ = {
			isa = PBXFrameworksBuildPhase;
			buildActionMask = 2147483647;
			files = (
				1780BAD0B7B8BF1D64612785 /* Pods_uTrackTests.framework in Frameworks */,
			);
			runOnlyForDeploymentPostprocessing = 0;
		};
		2E2A080125CF95AD007EEE30 /* Frameworks */ = {
			isa = PBXFrameworksBuildPhase;
			buildActionMask = 2147483647;
			files = (
				2E3EDEDD2FCDC647CEF751E1 /* Pods_uTrack_uTrackUITests.framework in Frameworks */,
			);
			runOnlyForDeploymentPostprocessing = 0;
		};
/* End PBXFrameworksBuildPhase section */

/* Begin PBXGroup section */
		2E2A07DA25CF95AC007EEE30 = {
			isa = PBXGroup;
			children = (
				2EAE9E8125D238F1002C19DF /* .swiftlint.yml */,
				2E2A07E525CF95AC007EEE30 /* uTrack */,
				2E2A07FC25CF95AD007EEE30 /* uTrackTests */,
				2E2A080725CF95AD007EEE30 /* uTrackUITests */,
				2E2A07E425CF95AC007EEE30 /* Products */,
				F13BE7D800B500E44BE8430F /* Pods */,
				8F6B99E8D9BA47E244A2A77B /* Frameworks */,
			);
			sourceTree = "<group>";
		};
		2E2A07E425CF95AC007EEE30 /* Products */ = {
			isa = PBXGroup;
			children = (
				2E2A07E325CF95AC007EEE30 /* uTrack.app */,
				2E2A07F925CF95AD007EEE30 /* uTrackTests.xctest */,
				2E2A080425CF95AD007EEE30 /* uTrackUITests.xctest */,
			);
			name = Products;
			sourceTree = "<group>";
		};
		2E2A07E525CF95AC007EEE30 /* uTrack */ = {
			isa = PBXGroup;
			children = (
				2EC3CB4B25D0F738001F95E9 /* Models */,
				2EC3CB4A25D0F72D001F95E9 /* SwiftUI */,
				2EC3CB4625D0F710001F95E9 /* ViewModels */,
				2EC3CB4525D0F6FC001F95E9 /* ViewControllers */,
				2EC3CB2725D0F602001F95E9 /* uTrack.entitlements */,
				2EC3CB2025D0F53B001F95E9 /* Other */,
			);
			path = uTrack;
			sourceTree = "<group>";
		};
		2E2A07FC25CF95AD007EEE30 /* uTrackTests */ = {
			isa = PBXGroup;
			children = (
				2E2A07FD25CF95AD007EEE30 /* uTrackTests.swift */,
				2E2A07FF25CF95AD007EEE30 /* Info.plist */,
			);
			path = uTrackTests;
			sourceTree = "<group>";
		};
		2E2A080725CF95AD007EEE30 /* uTrackUITests */ = {
			isa = PBXGroup;
			children = (
				2E2A080825CF95AD007EEE30 /* uTrackUITests.swift */,
				2E2A080A25CF95AD007EEE30 /* Info.plist */,
			);
			path = uTrackUITests;
			sourceTree = "<group>";
		};
		2EC3CB2025D0F53B001F95E9 /* Other */ = {
			isa = PBXGroup;
			children = (
				2E2A07E625CF95AC007EEE30 /* AppDelegate.swift */,
				2E2A07E825CF95AC007EEE30 /* SceneDelegate.swift */,
				2E2A07EC25CF95AC007EEE30 /* Main.storyboard */,
				2E2A07F125CF95AD007EEE30 /* LaunchScreen.storyboard */,
				2E2A07EF25CF95AD007EEE30 /* Assets.xcassets */,
				2E2A07F425CF95AD007EEE30 /* Info.plist */,
			);
			path = Other;
			sourceTree = "<group>";
		};
		2EC3CB4525D0F6FC001F95E9 /* ViewControllers */ = {
			isa = PBXGroup;
			children = (
				2E2A07EA25CF95AC007EEE30 /* ViewController.swift */,
			);
			path = ViewControllers;
			sourceTree = "<group>";
		};
		2EC3CB4625D0F710001F95E9 /* ViewModels */ = {
			isa = PBXGroup;
			children = (
			);
			path = ViewModels;
			sourceTree = "<group>";
		};
		2EC3CB4A25D0F72D001F95E9 /* SwiftUI */ = {
			isa = PBXGroup;
			children = (
			);
			path = SwiftUI;
			sourceTree = "<group>";
		};
		2EC3CB4B25D0F738001F95E9 /* Models */ = {
			isa = PBXGroup;
			children = (
			);
			path = Models;
			sourceTree = "<group>";
		};
		8F6B99E8D9BA47E244A2A77B /* Frameworks */ = {
			isa = PBXGroup;
			children = (
				2EC3CB2825D0F608001F95E9 /* CloudKit.framework */,
				E05FF4E5386EA2E5088CE5E2 /* Pods_uTrack.framework */,
				08957B078A2D4AA148D93003 /* Pods_uTrack_uTrackUITests.framework */,
				FA7A0253BDAE531ED64B0CD3 /* Pods_uTrackTests.framework */,
			);
			name = Frameworks;
			sourceTree = "<group>";
		};
		F13BE7D800B500E44BE8430F /* Pods */ = {
			isa = PBXGroup;
			children = (
				5699113D43C2E8C003A316B6 /* Pods-uTrack.debug.xcconfig */,
				B0684B0B110A55B431081485 /* Pods-uTrack.release.xcconfig */,
				B2ECF389289C596946D0CBFE /* Pods-uTrack-uTrackUITests.debug.xcconfig */,
				CB02F7F3206A3BA02C61336D /* Pods-uTrack-uTrackUITests.release.xcconfig */,
				077416D2125FD87085609BF5 /* Pods-uTrackTests.debug.xcconfig */,
				A6858A6728139BA3CC1399DE /* Pods-uTrackTests.release.xcconfig */,
			);
			path = Pods;
			sourceTree = "<group>";
		};
/* End PBXGroup section */

/* Begin PBXNativeTarget section */
		2E2A07E225CF95AC007EEE30 /* uTrack */ = {
			isa = PBXNativeTarget;
			buildConfigurationList = 2E2A080D25CF95AD007EEE30 /* Build configuration list for PBXNativeTarget "uTrack" */;
			buildPhases = (
				88FCFA1152B0846F22F63F99 /* [CP] Check Pods Manifest.lock */,
				2E2A07DF25CF95AC007EEE30 /* Sources */,
				2E2A07E025CF95AC007EEE30 /* Frameworks */,
				2E2A07E125CF95AC007EEE30 /* Resources */,
				9676559EC5B440C0DD490A29 /* [CP] Embed Pods Frameworks */,
				2EAE9E9725D23924002C19DF /* ShellScript */,
			);
			buildRules = (
			);
			dependencies = (
			);
			name = uTrack;
			productName = uTrack;
			productReference = 2E2A07E325CF95AC007EEE30 /* uTrack.app */;
			productType = "com.apple.product-type.application";
		};
		2E2A07F825CF95AD007EEE30 /* uTrackTests */ = {
			isa = PBXNativeTarget;
			buildConfigurationList = 2E2A081025CF95AD007EEE30 /* Build configuration list for PBXNativeTarget "uTrackTests" */;
			buildPhases = (
				1F59973AB574C487B8A4EF48 /* [CP] Check Pods Manifest.lock */,
				2E2A07F525CF95AD007EEE30 /* Sources */,
				2E2A07F625CF95AD007EEE30 /* Frameworks */,
				2E2A07F725CF95AD007EEE30 /* Resources */,
			);
			buildRules = (
			);
			dependencies = (
				2E2A07FB25CF95AD007EEE30 /* PBXTargetDependency */,
			);
			name = uTrackTests;
			productName = uTrackTests;
			productReference = 2E2A07F925CF95AD007EEE30 /* uTrackTests.xctest */;
			productType = "com.apple.product-type.bundle.unit-test";
		};
		2E2A080325CF95AD007EEE30 /* uTrackUITests */ = {
			isa = PBXNativeTarget;
			buildConfigurationList = 2E2A081325CF95AD007EEE30 /* Build configuration list for PBXNativeTarget "uTrackUITests" */;
			buildPhases = (
				458FB0A3A0D937C5B61CC505 /* [CP] Check Pods Manifest.lock */,
				2E2A080025CF95AD007EEE30 /* Sources */,
				2E2A080125CF95AD007EEE30 /* Frameworks */,
				2E2A080225CF95AD007EEE30 /* Resources */,
				9355ABE2B920A955E8F66CD5 /* [CP] Embed Pods Frameworks */,
			);
			buildRules = (
			);
			dependencies = (
				2E2A080625CF95AD007EEE30 /* PBXTargetDependency */,
			);
			name = uTrackUITests;
			productName = uTrackUITests;
			productReference = 2E2A080425CF95AD007EEE30 /* uTrackUITests.xctest */;
			productType = "com.apple.product-type.bundle.ui-testing";
		};
/* End PBXNativeTarget section */

/* Begin PBXProject section */
		2E2A07DB25CF95AC007EEE30 /* Project object */ = {
			isa = PBXProject;
			attributes = {
				LastSwiftUpdateCheck = 1240;
				LastUpgradeCheck = 1240;
				TargetAttributes = {
					2E2A07E225CF95AC007EEE30 = {
						CreatedOnToolsVersion = 12.4;
					};
					2E2A07F825CF95AD007EEE30 = {
						CreatedOnToolsVersion = 12.4;
						TestTargetID = 2E2A07E225CF95AC007EEE30;
					};
					2E2A080325CF95AD007EEE30 = {
						CreatedOnToolsVersion = 12.4;
						TestTargetID = 2E2A07E225CF95AC007EEE30;
					};
				};
			};
			buildConfigurationList = 2E2A07DE25CF95AC007EEE30 /* Build configuration list for PBXProject "uTrack" */;
			compatibilityVersion = "Xcode 9.3";
			developmentRegion = en;
			hasScannedForEncodings = 0;
			knownRegions = (
				en,
				Base,
			);
			mainGroup = 2E2A07DA25CF95AC007EEE30;
			productRefGroup = 2E2A07E425CF95AC007EEE30 /* Products */;
			projectDirPath = "";
			projectRoot = "";
			targets = (
				2E2A07E225CF95AC007EEE30 /* uTrack */,
				2E2A07F825CF95AD007EEE30 /* uTrackTests */,
				2E2A080325CF95AD007EEE30 /* uTrackUITests */,
			);
		};
/* End PBXProject section */

/* Begin PBXResourcesBuildPhase section */
		2E2A07E125CF95AC007EEE30 /* Resources */ = {
			isa = PBXResourcesBuildPhase;
			buildActionMask = 2147483647;
			files = (
				2EAE9E8225D238F1002C19DF /* .swiftlint.yml in Resources */,
				2E2A07F325CF95AD007EEE30 /* LaunchScreen.storyboard in Resources */,
				2E2A07F025CF95AD007EEE30 /* Assets.xcassets in Resources */,
				2E2A07EE25CF95AC007EEE30 /* Main.storyboard in Resources */,
			);
			runOnlyForDeploymentPostprocessing = 0;
		};
		2E2A07F725CF95AD007EEE30 /* Resources */ = {
			isa = PBXResourcesBuildPhase;
			buildActionMask = 2147483647;
			files = (
			);
			runOnlyForDeploymentPostprocessing = 0;
		};
		2E2A080225CF95AD007EEE30 /* Resources */ = {
			isa = PBXResourcesBuildPhase;
			buildActionMask = 2147483647;
			files = (
			);
			runOnlyForDeploymentPostprocessing = 0;
		};
/* End PBXResourcesBuildPhase section */

/* Begin PBXShellScriptBuildPhase section */
		1F59973AB574C487B8A4EF48 /* [CP] Check Pods Manifest.lock */ = {
			isa = PBXShellScriptBuildPhase;
			buildActionMask = 2147483647;
			files = (
			);
			inputFileListPaths = (
			);
			inputPaths = (
				"${PODS_PODFILE_DIR_PATH}/Podfile.lock",
				"${PODS_ROOT}/Manifest.lock",
			);
			name = "[CP] Check Pods Manifest.lock";
			outputFileListPaths = (
			);
			outputPaths = (
				"$(DERIVED_FILE_DIR)/Pods-uTrackTests-checkManifestLockResult.txt",
			);
			runOnlyForDeploymentPostprocessing = 0;
			shellPath = /bin/sh;
			shellScript = "diff \"${PODS_PODFILE_DIR_PATH}/Podfile.lock\" \"${PODS_ROOT}/Manifest.lock\" > /dev/null\nif [ $? != 0 ] ; then\n    # print error to STDERR\n    echo \"error: The sandbox is not in sync with the Podfile.lock. Run 'pod install' or update your CocoaPods installation.\" >&2\n    exit 1\nfi\n# This output is used by Xcode 'outputs' to avoid re-running this script phase.\necho \"SUCCESS\" > \"${SCRIPT_OUTPUT_FILE_0}\"\n";
			showEnvVarsInLog = 0;
		};
		2EAE9E9725D23924002C19DF /* ShellScript */ = {
			isa = PBXShellScriptBuildPhase;
			buildActionMask = 2147483647;
			files = (
			);
			inputFileListPaths = (
			);
			inputPaths = (
			);
			outputFileListPaths = (
			);
			outputPaths = (
			);
			runOnlyForDeploymentPostprocessing = 0;
			shellPath = /bin/sh;
			shellScript = "# Type a script or drag a script file from your workspace to insert its path.\n\"${PODS_ROOT}/SwiftLint/swiftlint\"\n";
		};
		458FB0A3A0D937C5B61CC505 /* [CP] Check Pods Manifest.lock */ = {
			isa = PBXShellScriptBuildPhase;
			buildActionMask = 2147483647;
			files = (
			);
			inputFileListPaths = (
			);
			inputPaths = (
				"${PODS_PODFILE_DIR_PATH}/Podfile.lock",
				"${PODS_ROOT}/Manifest.lock",
			);
			name = "[CP] Check Pods Manifest.lock";
			outputFileListPaths = (
			);
			outputPaths = (
				"$(DERIVED_FILE_DIR)/Pods-uTrack-uTrackUITests-checkManifestLockResult.txt",
			);
			runOnlyForDeploymentPostprocessing = 0;
			shellPath = /bin/sh;
			shellScript = "diff \"${PODS_PODFILE_DIR_PATH}/Podfile.lock\" \"${PODS_ROOT}/Manifest.lock\" > /dev/null\nif [ $? != 0 ] ; then\n    # print error to STDERR\n    echo \"error: The sandbox is not in sync with the Podfile.lock. Run 'pod install' or update your CocoaPods installation.\" >&2\n    exit 1\nfi\n# This output is used by Xcode 'outputs' to avoid re-running this script phase.\necho \"SUCCESS\" > \"${SCRIPT_OUTPUT_FILE_0}\"\n";
			showEnvVarsInLog = 0;
		};
		88FCFA1152B0846F22F63F99 /* [CP] Check Pods Manifest.lock */ = {
			isa = PBXShellScriptBuildPhase;
			buildActionMask = 2147483647;
			files = (
			);
			inputFileListPaths = (
			);
			inputPaths = (
				"${PODS_PODFILE_DIR_PATH}/Podfile.lock",
				"${PODS_ROOT}/Manifest.lock",
			);
			name = "[CP] Check Pods Manifest.lock";
			outputFileListPaths = (
			);
			outputPaths = (
				"$(DERIVED_FILE_DIR)/Pods-uTrack-checkManifestLockResult.txt",
			);
			runOnlyForDeploymentPostprocessing = 0;
			shellPath = /bin/sh;
			shellScript = "diff \"${PODS_PODFILE_DIR_PATH}/Podfile.lock\" \"${PODS_ROOT}/Manifest.lock\" > /dev/null\nif [ $? != 0 ] ; then\n    # print error to STDERR\n    echo \"error: The sandbox is not in sync with the Podfile.lock. Run 'pod install' or update your CocoaPods installation.\" >&2\n    exit 1\nfi\n# This output is used by Xcode 'outputs' to avoid re-running this script phase.\necho \"SUCCESS\" > \"${SCRIPT_OUTPUT_FILE_0}\"\n";
			showEnvVarsInLog = 0;
		};
		9355ABE2B920A955E8F66CD5 /* [CP] Embed Pods Frameworks */ = {
			isa = PBXShellScriptBuildPhase;
			buildActionMask = 2147483647;
			files = (
			);
			inputFileListPaths = (
				"${PODS_ROOT}/Target Support Files/Pods-uTrack-uTrackUITests/Pods-uTrack-uTrackUITests-frameworks-${CONFIGURATION}-input-files.xcfilelist",
			);
			name = "[CP] Embed Pods Frameworks";
			outputFileListPaths = (
				"${PODS_ROOT}/Target Support Files/Pods-uTrack-uTrackUITests/Pods-uTrack-uTrackUITests-frameworks-${CONFIGURATION}-output-files.xcfilelist",
			);
			runOnlyForDeploymentPostprocessing = 0;
			shellPath = /bin/sh;
			shellScript = "\"${PODS_ROOT}/Target Support Files/Pods-uTrack-uTrackUITests/Pods-uTrack-uTrackUITests-frameworks.sh\"\n";
			showEnvVarsInLog = 0;
		};
		9676559EC5B440C0DD490A29 /* [CP] Embed Pods Frameworks */ = {
			isa = PBXShellScriptBuildPhase;
			buildActionMask = 2147483647;
			files = (
			);
			inputFileListPaths = (
				"${PODS_ROOT}/Target Support Files/Pods-uTrack/Pods-uTrack-frameworks-${CONFIGURATION}-input-files.xcfilelist",
			);
			name = "[CP] Embed Pods Frameworks";
			outputFileListPaths = (
				"${PODS_ROOT}/Target Support Files/Pods-uTrack/Pods-uTrack-frameworks-${CONFIGURATION}-output-files.xcfilelist",
			);
			runOnlyForDeploymentPostprocessing = 0;
			shellPath = /bin/sh;
			shellScript = "\"${PODS_ROOT}/Target Support Files/Pods-uTrack/Pods-uTrack-frameworks.sh\"\n";
			showEnvVarsInLog = 0;
		};
/* End PBXShellScriptBuildPhase section */

/* Begin PBXSourcesBuildPhase section */
		2E2A07DF25CF95AC007EEE30 /* Sources */ = {
			isa = PBXSourcesBuildPhase;
			buildActionMask = 2147483647;
			files = (
				2E2A07EB25CF95AC007EEE30 /* ViewController.swift in Sources */,
				2E2A07E725CF95AC007EEE30 /* AppDelegate.swift in Sources */,
				2E2A07E925CF95AC007EEE30 /* SceneDelegate.swift in Sources */,
			);
			runOnlyForDeploymentPostprocessing = 0;
		};
		2E2A07F525CF95AD007EEE30 /* Sources */ = {
			isa = PBXSourcesBuildPhase;
			buildActionMask = 2147483647;
			files = (
				2E2A07FE25CF95AD007EEE30 /* uTrackTests.swift in Sources */,
			);
			runOnlyForDeploymentPostprocessing = 0;
		};
		2E2A080025CF95AD007EEE30 /* Sources */ = {
			isa = PBXSourcesBuildPhase;
			buildActionMask = 2147483647;
			files = (
				2E2A080925CF95AD007EEE30 /* uTrackUITests.swift in Sources */,
			);
			runOnlyForDeploymentPostprocessing = 0;
		};
/* End PBXSourcesBuildPhase section */

/* Begin PBXTargetDependency section */
		2E2A07FB25CF95AD007EEE30 /* PBXTargetDependency */ = {
			isa = PBXTargetDependency;
			target = 2E2A07E225CF95AC007EEE30 /* uTrack */;
			targetProxy = 2E2A07FA25CF95AD007EEE30 /* PBXContainerItemProxy */;
		};
		2E2A080625CF95AD007EEE30 /* PBXTargetDependency */ = {
			isa = PBXTargetDependency;
			target = 2E2A07E225CF95AC007EEE30 /* uTrack */;
			targetProxy = 2E2A080525CF95AD007EEE30 /* PBXContainerItemProxy */;
		};
/* End PBXTargetDependency section */

/* Begin PBXVariantGroup section */
		2E2A07EC25CF95AC007EEE30 /* Main.storyboard */ = {
			isa = PBXVariantGroup;
			children = (
				2E2A07ED25CF95AC007EEE30 /* Base */,
			);
			name = Main.storyboard;
			sourceTree = "<group>";
		};
		2E2A07F125CF95AD007EEE30 /* LaunchScreen.storyboard */ = {
			isa = PBXVariantGroup;
			children = (
				2E2A07F225CF95AD007EEE30 /* Base */,
			);
			name = LaunchScreen.storyboard;
			sourceTree = "<group>";
		};
/* End PBXVariantGroup section */

/* Begin XCBuildConfiguration section */
		2E2A080B25CF95AD007EEE30 /* Debug */ = {
			isa = XCBuildConfiguration;
			buildSettings = {
				ALWAYS_SEARCH_USER_PATHS = NO;
				CLANG_ANALYZER_NONNULL = YES;
				CLANG_ANALYZER_NUMBER_OBJECT_CONVERSION = YES_AGGRESSIVE;
				CLANG_CXX_LANGUAGE_STANDARD = "gnu++14";
				CLANG_CXX_LIBRARY = "libc++";
				CLANG_ENABLE_MODULES = YES;
				CLANG_ENABLE_OBJC_ARC = YES;
				CLANG_ENABLE_OBJC_WEAK = YES;
				CLANG_WARN_BLOCK_CAPTURE_AUTORELEASING = YES;
				CLANG_WARN_BOOL_CONVERSION = YES;
				CLANG_WARN_COMMA = YES;
				CLANG_WARN_CONSTANT_CONVERSION = YES;
				CLANG_WARN_DEPRECATED_OBJC_IMPLEMENTATIONS = YES;
				CLANG_WARN_DIRECT_OBJC_ISA_USAGE = YES_ERROR;
				CLANG_WARN_DOCUMENTATION_COMMENTS = YES;
				CLANG_WARN_EMPTY_BODY = YES;
				CLANG_WARN_ENUM_CONVERSION = YES;
				CLANG_WARN_INFINITE_RECURSION = YES;
				CLANG_WARN_INT_CONVERSION = YES;
				CLANG_WARN_NON_LITERAL_NULL_CONVERSION = YES;
				CLANG_WARN_OBJC_IMPLICIT_RETAIN_SELF = YES;
				CLANG_WARN_OBJC_LITERAL_CONVERSION = YES;
				CLANG_WARN_OBJC_ROOT_CLASS = YES_ERROR;
				CLANG_WARN_QUOTED_INCLUDE_IN_FRAMEWORK_HEADER = YES;
				CLANG_WARN_RANGE_LOOP_ANALYSIS = YES;
				CLANG_WARN_STRICT_PROTOTYPES = YES;
				CLANG_WARN_SUSPICIOUS_MOVE = YES;
				CLANG_WARN_UNGUARDED_AVAILABILITY = YES_AGGRESSIVE;
				CLANG_WARN_UNREACHABLE_CODE = YES;
				CLANG_WARN__DUPLICATE_METHOD_MATCH = YES;
				COPY_PHASE_STRIP = NO;
				DEBUG_INFORMATION_FORMAT = dwarf;
				ENABLE_STRICT_OBJC_MSGSEND = YES;
				ENABLE_TESTABILITY = YES;
				GCC_C_LANGUAGE_STANDARD = gnu11;
				GCC_DYNAMIC_NO_PIC = NO;
				GCC_NO_COMMON_BLOCKS = YES;
				GCC_OPTIMIZATION_LEVEL = 0;
				GCC_PREPROCESSOR_DEFINITIONS = (
					"DEBUG=1",
					"$(inherited)",
				);
				GCC_WARN_64_TO_32_BIT_CONVERSION = YES;
				GCC_WARN_ABOUT_RETURN_TYPE = YES_ERROR;
				GCC_WARN_UNDECLARED_SELECTOR = YES;
				GCC_WARN_UNINITIALIZED_AUTOS = YES_AGGRESSIVE;
				GCC_WARN_UNUSED_FUNCTION = YES;
				GCC_WARN_UNUSED_VARIABLE = YES;
				IPHONEOS_DEPLOYMENT_TARGET = 14.4;
				MTL_ENABLE_DEBUG_INFO = INCLUDE_SOURCE;
				MTL_FAST_MATH = YES;
				ONLY_ACTIVE_ARCH = YES;
				SDKROOT = iphoneos;
				SWIFT_ACTIVE_COMPILATION_CONDITIONS = DEBUG;
				SWIFT_OPTIMIZATION_LEVEL = "-Onone";
			};
			name = Debug;
		};
		2E2A080C25CF95AD007EEE30 /* Release */ = {
			isa = XCBuildConfiguration;
			buildSettings = {
				ALWAYS_SEARCH_USER_PATHS = NO;
				CLANG_ANALYZER_NONNULL = YES;
				CLANG_ANALYZER_NUMBER_OBJECT_CONVERSION = YES_AGGRESSIVE;
				CLANG_CXX_LANGUAGE_STANDARD = "gnu++14";
				CLANG_CXX_LIBRARY = "libc++";
				CLANG_ENABLE_MODULES = YES;
				CLANG_ENABLE_OBJC_ARC = YES;
				CLANG_ENABLE_OBJC_WEAK = YES;
				CLANG_WARN_BLOCK_CAPTURE_AUTORELEASING = YES;
				CLANG_WARN_BOOL_CONVERSION = YES;
				CLANG_WARN_COMMA = YES;
				CLANG_WARN_CONSTANT_CONVERSION = YES;
				CLANG_WARN_DEPRECATED_OBJC_IMPLEMENTATIONS = YES;
				CLANG_WARN_DIRECT_OBJC_ISA_USAGE = YES_ERROR;
				CLANG_WARN_DOCUMENTATION_COMMENTS = YES;
				CLANG_WARN_EMPTY_BODY = YES;
				CLANG_WARN_ENUM_CONVERSION = YES;
				CLANG_WARN_INFINITE_RECURSION = YES;
				CLANG_WARN_INT_CONVERSION = YES;
				CLANG_WARN_NON_LITERAL_NULL_CONVERSION = YES;
				CLANG_WARN_OBJC_IMPLICIT_RETAIN_SELF = YES;
				CLANG_WARN_OBJC_LITERAL_CONVERSION = YES;
				CLANG_WARN_OBJC_ROOT_CLASS = YES_ERROR;
				CLANG_WARN_QUOTED_INCLUDE_IN_FRAMEWORK_HEADER = YES;
				CLANG_WARN_RANGE_LOOP_ANALYSIS = YES;
				CLANG_WARN_STRICT_PROTOTYPES = YES;
				CLANG_WARN_SUSPICIOUS_MOVE = YES;
				CLANG_WARN_UNGUARDED_AVAILABILITY = YES_AGGRESSIVE;
				CLANG_WARN_UNREACHABLE_CODE = YES;
				CLANG_WARN__DUPLICATE_METHOD_MATCH = YES;
				COPY_PHASE_STRIP = NO;
				DEBUG_INFORMATION_FORMAT = "dwarf-with-dsym";
				ENABLE_NS_ASSERTIONS = NO;
				ENABLE_STRICT_OBJC_MSGSEND = YES;
				GCC_C_LANGUAGE_STANDARD = gnu11;
				GCC_NO_COMMON_BLOCKS = YES;
				GCC_WARN_64_TO_32_BIT_CONVERSION = YES;
				GCC_WARN_ABOUT_RETURN_TYPE = YES_ERROR;
				GCC_WARN_UNDECLARED_SELECTOR = YES;
				GCC_WARN_UNINITIALIZED_AUTOS = YES_AGGRESSIVE;
				GCC_WARN_UNUSED_FUNCTION = YES;
				GCC_WARN_UNUSED_VARIABLE = YES;
				IPHONEOS_DEPLOYMENT_TARGET = 14.4;
				MTL_ENABLE_DEBUG_INFO = NO;
				MTL_FAST_MATH = YES;
				SDKROOT = iphoneos;
				SWIFT_COMPILATION_MODE = wholemodule;
				SWIFT_OPTIMIZATION_LEVEL = "-O";
				VALIDATE_PRODUCT = YES;
			};
			name = Release;
		};
		2E2A080E25CF95AD007EEE30 /* Debug */ = {
			isa = XCBuildConfiguration;
			baseConfigurationReference = 5699113D43C2E8C003A316B6 /* Pods-uTrack.debug.xcconfig */;
			buildSettings = {
				ASSETCATALOG_COMPILER_APPICON_NAME = AppIcon;
				ASSETCATALOG_COMPILER_GLOBAL_ACCENT_COLOR_NAME = AccentColor;
				CODE_SIGN_ENTITLEMENTS = uTrack/uTrack.entitlements;
				CODE_SIGN_STYLE = Automatic;
				DEVELOPMENT_TEAM = MCRTE5CC2K;
				INFOPLIST_FILE = uTrack/Other/Info.plist;
				IPHONEOS_DEPLOYMENT_TARGET = 14.1;
				LD_RUNPATH_SEARCH_PATHS = (
					"$(inherited)",
					"@executable_path/Frameworks",
				);
				PRODUCT_BUNDLE_IDENTIFIER = com.uapps.uTrack;
				PRODUCT_NAME = "$(TARGET_NAME)";
				SUPPORTS_MACCATALYST = YES;
				SWIFT_VERSION = 5.0;
				TARGETED_DEVICE_FAMILY = "1,2";
			};
			name = Debug;
		};
		2E2A080F25CF95AD007EEE30 /* Release */ = {
			isa = XCBuildConfiguration;
			baseConfigurationReference = B0684B0B110A55B431081485 /* Pods-uTrack.release.xcconfig */;
			buildSettings = {
				ASSETCATALOG_COMPILER_APPICON_NAME = AppIcon;
				ASSETCATALOG_COMPILER_GLOBAL_ACCENT_COLOR_NAME = AccentColor;
				CODE_SIGN_ENTITLEMENTS = uTrack/uTrack.entitlements;
				CODE_SIGN_STYLE = Automatic;
				DEVELOPMENT_TEAM = MCRTE5CC2K;
				INFOPLIST_FILE = uTrack/Other/Info.plist;
				IPHONEOS_DEPLOYMENT_TARGET = 14.1;
				LD_RUNPATH_SEARCH_PATHS = (
					"$(inherited)",
					"@executable_path/Frameworks",
				);
				PRODUCT_BUNDLE_IDENTIFIER = com.uapps.uTrack;
				PRODUCT_NAME = "$(TARGET_NAME)";
				SUPPORTS_MACCATALYST = YES;
				SWIFT_VERSION = 5.0;
				TARGETED_DEVICE_FAMILY = "1,2";
			};
			name = Release;
		};
		2E2A081125CF95AD007EEE30 /* Debug */ = {
			isa = XCBuildConfiguration;
			baseConfigurationReference = 077416D2125FD87085609BF5 /* Pods-uTrackTests.debug.xcconfig */;
			buildSettings = {
				ALWAYS_EMBED_SWIFT_STANDARD_LIBRARIES = YES;
				BUNDLE_LOADER = "$(TEST_HOST)";
				CODE_SIGN_STYLE = Automatic;
				DEVELOPMENT_TEAM = MCRTE5CC2K;
				INFOPLIST_FILE = uTrackTests/Info.plist;
				IPHONEOS_DEPLOYMENT_TARGET = 14.4;
				LD_RUNPATH_SEARCH_PATHS = (
					"$(inherited)",
					"@executable_path/Frameworks",
					"@loader_path/Frameworks",
				);
				PRODUCT_BUNDLE_IDENTIFIER = com.uapps.uTrackTests;
				PRODUCT_NAME = "$(TARGET_NAME)";
				SWIFT_VERSION = 5.0;
				TARGETED_DEVICE_FAMILY = "1,2";
				TEST_HOST = "$(BUILT_PRODUCTS_DIR)/uTrack.app/uTrack";
			};
			name = Debug;
		};
		2E2A081225CF95AD007EEE30 /* Release */ = {
			isa = XCBuildConfiguration;
			baseConfigurationReference = A6858A6728139BA3CC1399DE /* Pods-uTrackTests.release.xcconfig */;
			buildSettings = {
				ALWAYS_EMBED_SWIFT_STANDARD_LIBRARIES = YES;
				BUNDLE_LOADER = "$(TEST_HOST)";
				CODE_SIGN_STYLE = Automatic;
				DEVELOPMENT_TEAM = MCRTE5CC2K;
				INFOPLIST_FILE = uTrackTests/Info.plist;
				IPHONEOS_DEPLOYMENT_TARGET = 14.4;
				LD_RUNPATH_SEARCH_PATHS = (
					"$(inherited)",
					"@executable_path/Frameworks",
					"@loader_path/Frameworks",
				);
				PRODUCT_BUNDLE_IDENTIFIER = com.uapps.uTrackTests;
				PRODUCT_NAME = "$(TARGET_NAME)";
				SWIFT_VERSION = 5.0;
				TARGETED_DEVICE_FAMILY = "1,2";
				TEST_HOST = "$(BUILT_PRODUCTS_DIR)/uTrack.app/uTrack";
			};
			name = Release;
		};
		2E2A081425CF95AD007EEE30 /* Debug */ = {
			isa = XCBuildConfiguration;
			baseConfigurationReference = B2ECF389289C596946D0CBFE /* Pods-uTrack-uTrackUITests.debug.xcconfig */;
			buildSettings = {
				ALWAYS_EMBED_SWIFT_STANDARD_LIBRARIES = YES;
				CODE_SIGN_STYLE = Automatic;
				DEVELOPMENT_TEAM = MCRTE5CC2K;
				INFOPLIST_FILE = uTrackUITests/Info.plist;
				LD_RUNPATH_SEARCH_PATHS = (
					"$(inherited)",
					"@executable_path/Frameworks",
					"@loader_path/Frameworks",
				);
				PRODUCT_BUNDLE_IDENTIFIER = com.uapps.uTrackUITests;
				PRODUCT_NAME = "$(TARGET_NAME)";
				SWIFT_VERSION = 5.0;
				TARGETED_DEVICE_FAMILY = "1,2";
				TEST_TARGET_NAME = uTrack;
			};
			name = Debug;
		};
		2E2A081525CF95AD007EEE30 /* Release */ = {
			isa = XCBuildConfiguration;
			baseConfigurationReference = CB02F7F3206A3BA02C61336D /* Pods-uTrack-uTrackUITests.release.xcconfig */;
			buildSettings = {
				ALWAYS_EMBED_SWIFT_STANDARD_LIBRARIES = YES;
				CODE_SIGN_STYLE = Automatic;
				DEVELOPMENT_TEAM = MCRTE5CC2K;
				INFOPLIST_FILE = uTrackUITests/Info.plist;
				LD_RUNPATH_SEARCH_PATHS = (
					"$(inherited)",
					"@executable_path/Frameworks",
					"@loader_path/Frameworks",
				);
				PRODUCT_BUNDLE_IDENTIFIER = com.uapps.uTrackUITests;
				PRODUCT_NAME = "$(TARGET_NAME)";
				SWIFT_VERSION = 5.0;
				TARGETED_DEVICE_FAMILY = "1,2";
				TEST_TARGET_NAME = uTrack;
			};
			name = Release;
		};
/* End XCBuildConfiguration section */

/* Begin XCConfigurationList section */
		2E2A07DE25CF95AC007EEE30 /* Build configuration list for PBXProject "uTrack" */ = {
			isa = XCConfigurationList;
			buildConfigurations = (
				2E2A080B25CF95AD007EEE30 /* Debug */,
				2E2A080C25CF95AD007EEE30 /* Release */,
			);
			defaultConfigurationIsVisible = 0;
			defaultConfigurationName = Release;
		};
		2E2A080D25CF95AD007EEE30 /* Build configuration list for PBXNativeTarget "uTrack" */ = {
			isa = XCConfigurationList;
			buildConfigurations = (
				2E2A080E25CF95AD007EEE30 /* Debug */,
				2E2A080F25CF95AD007EEE30 /* Release */,
			);
			defaultConfigurationIsVisible = 0;
			defaultConfigurationName = Release;
		};
		2E2A081025CF95AD007EEE30 /* Build configuration list for PBXNativeTarget "uTrackTests" */ = {
			isa = XCConfigurationList;
			buildConfigurations = (
				2E2A081125CF95AD007EEE30 /* Debug */,
				2E2A081225CF95AD007EEE30 /* Release */,
			);
			defaultConfigurationIsVisible = 0;
			defaultConfigurationName = Release;
		};
		2E2A081325CF95AD007EEE30 /* Build configuration list for PBXNativeTarget "uTrackUITests" */ = {
			isa = XCConfigurationList;
			buildConfigurations = (
				2E2A081425CF95AD007EEE30 /* Debug */,
				2E2A081525CF95AD007EEE30 /* Release */,
			);
			defaultConfigurationIsVisible = 0;
			defaultConfigurationName = Release;
		};
/* End XCConfigurationList section */
	};
	rootObject = 2E2A07DB25CF95AC007EEE30 /* Project object */;
}
